cloud.google.com/go/compute/metadata v0.9.0 h1:pDUj4QMoPejqq20dK0Pg2N4yG9zIkYGdBtwLoEkH9Zs=
cloud.google.com/go/compute/metadata v0.9.0/go.mod h1:E0bWwX5wTnLPedCKqk3pJmVgCBSM6qQI1yTBdEb3C10=
connectrpc.com/connect v1.20.0 h1:6TNDAB+WeNd2uolWNlYczB5E0KNNaVMNUEx8JEUsPmQ=
connectrpc.com/connect v1.20.0/go.mod h1:A2ygJrukXwWy32vkCAAHNVguZrqZ+jeZ9rGRnGR4dN4=
filippo.io/edwards25519 v1.2.0 h1:crnVqOiS4jqYleHd9vaKZ+HKtHfllngJIiOpNpoJsjo=
filippo.io/edwards25519 v1.2.0/go.mod h1:xzAOLCNug/yB62zG1bQ8uziwrIqIuxhctzJT18Q77mc=
fyne.io/fyne/v2 v2.7.4 h1:OVCI5mT+Onb2kA4wlmGA5pLCqKik9f4NDb5jiR1OMTc=
fyne.io/fyne/v2 v2.7.4/go.mod h1:ZD1mmhBY75mSa97IXl3MPlICd1uNHfCXYh5hKIlVOII=
fyne.io/systray v1.12.1 h1:ygBD6aZXwiOmZoY5N+ukbH9pih0Kq6fYgVeMYbr5skQ=
fyne.io/systray v1.12.1/go.mod h1:RVwqP9nYMo7h5zViCBHri2FgjXF7H2cub7MAq4NSoLs=
git.sr.ht/~jackmordaunt/go-toast v1.1.2 h1:/yrfI55LRt1M7H1vkaw+NaH1+L1CDxrqDltwm5euVuE=
git.sr.ht/~jackmordaunt/go-toast v1.1.2/go.mod h1:jA4OqHKTQ4AFBdwrSnwnskUIIS3HYzlJSgdzCKqfavo=
github.com/BurntSushi/toml v1.6.0 h1:dRaEfpa2VI55EwlIW72hMRHdWouJeRF7TPYhI+AUQjk=
github.com/BurntSushi/toml v1.6.0/go.mod h1:ukJfTF/6rtPPRCnwkur4qwRxa8vTRFBF0uk2lLoLwho=
github.com/KyleBanks/depth v1.2.1 h1:5h8fQADFrWtarTdtDudMmGsC7GPbOAu6RVB3ffsVFHc=
github.com/KyleBanks/depth v1.2.1/go.mod h1:jzSb9d0L43HxTQfT+oSA1EEp2q+ne2uh6XgeJcm8brE=
github.com/ProjectZKM/Ziren/crates/go-runtime/zkvm_runtime v0.0.0-20260519063510-53a8eff4e716 h1:/6T7wq3q2pv8PG6BV1d2kSYNSQGrjUwdt9U0colET+A=
github.com/ProjectZKM/Ziren/crates/go-runtime/zkvm_runtime v0.0.0-20260519063510-53a8eff4e716/go.mod h1:ioLG6R+5bUSO1oeGSDxOV3FADARuMoytZCSX6MEMQkI=
github.com/SundaeSwap-finance/kugo v1.3.1 h1:JVZl7oApVnFjG6HOb3O+xsjjzDf17g1ADlJnD4myhmI=
github.com/SundaeSwap-finance/kugo v1.3.1/go.mod h1:LDX6gxzbAzYS1POhkXK04MQAfNRGZyGgBZNGNbCXB2Q=
github.com/SundaeSwap-finance/ogmigo/v6 v6.2.1 h1:SzPURmU4tqay5KyfKZ4QDygaXjGH1SCeOX5oWL+V6nI=
github.com/SundaeSwap-finance/ogmigo/v6 v6.2.1/go.mod h1:EYpYiNZ8bWrxfm1mPp0+OlRP+8YWSOGdoako0B8g+t8=
github.com/aead/siphash v1.0.1/go.mod h1:Nywa3cDsYNNK3gaciGTWPwHt0wlpNV15vwmswBAUSII=
github.com/aws/aws-sdk-go v1.55.8 h1:JRmEUbU52aJQZ2AjX4q4Wu7t4uZjOu71uyNmaWlUkJQ=
github.com/aws/aws-sdk-go v1.55.8/go.mod h1:ZkViS9AqA6otK+JBBNH2++sx1sgxrPKcSzPPvQkUtXk=
github.com/bits-and-blooms/bitset v1.24.4 h1:95H15Og1clikBrKr/DuzMXkQzECs1M6hhoGXLwLQOZE=
github.com/bits-and-blooms/bitset v1.24.4/go.mod h1:7hO7Gc7Pp1vODcmWvKMRA9BNmbv6a/7QIWpPxHddWR8=
github.com/blinklabs-io/gouroboros v0.183.0 h1:mzTJlRDgjs8YC8K1oWjxA7pXIEVefkFAV+V5xuFmiSE=
github.com/blinklabs-io/gouroboros v0.183.0/go.mod h1:ZiABPLvB5+7qYPB8a2WgfYNr71RfUFQME3n/O3fFv5o=
github.com/blinklabs-io/ouroboros-mock v0.12.0 h1:ihiS/G/Rd01+gzarCWHxjBarhz9uyW2Pi8whe7zxoRo=
github.com/blinklabs-io/ouroboros-mock v0.12.0/go.mod h1:2jimY85PkKl/J1pmSwy9+G2xof2OtUI2czhUGYP1QMo=
github.com/blinklabs-io/plutigo v0.1.15 h1:I2PS/byq30lH3cfq8cNxLb6iF5N7RTpokCtNE4sTLqk=
github.com/blinklabs-io/plutigo v0.1.15/go.mod h1:vn7QgZc7d1LimRn9SCKSBnwf5JeEZI46Jqz2UGk3Zag=
github.com/btcsuite/btcd v0.20.1-beta/go.mod h1:wVuoA8VJLEcwgqHBwHmzLRazpKxTv13Px/pDuV7OomQ=
github.com/btcsuite/btcd/btcec/v2 v2.5.0 h1:KioMXOWa76b86sTZZOmbzv/ldaQCmB8KFAyn5PbB8E8=
github.com/btcsuite/btcd/btcec/v2 v2.5.0/go.mod h1:+K/MYXcLBtHEQjRbjHuJChuybk4LCgjdjgRwil+e+Kk=
github.com/btcsuite/btcd/btcutil v1.2.0 h1:p3+S2g3Q+7G5NOh4Ji+2UrBOrg5Z0Q4ykzShWG1Dhgs=
github.com/btcsuite/btcd/btcutil v1.2.0/go.mod h1:/Taflm113pYjUpbWKKQEfa6XOtI/+WS8awxeMZpY75k=
github.com/btcsuite/btcd/chaincfg/chainhash v1.2.0 h1:yMIg99+4aBvqfl/HzJRKfxTX9rGfikoI9uvFzterhc8=
github.com/btcsuite/btcd/chaincfg/chainhash v1.2.0/go.mod h1:Y72Ren9gfhlEvnwnT78BGcSNO2UMphTKLn9AorF+5rg=
github.com/btcsuite/btcd/chainhash/v2 v2.0.0 h1:PMLlSloHJuEeB80XG9EjpXWNEKAZAMLl6YHZ6YsEuoA=
github.com/btcsuite/btcd/chainhash/v2 v2.0.0/go.mod h1:mKxcZ7oGTXE7IRV+sS9hP4EVBwc/SzfNR+52IsOP9j8=
github.com/btcsuite/btclog v0.0.0-20170628155309-84c8d2346e9f/go.mod h1:TdznJufoqS23FtqVCzL0ZqgP5MqXbb4fg/WgDys70nA=
github.com/btcsuite/btcutil v0.0.0-20190425235716-9e5f4b9a998d/go.mod h1:+5NJ2+qvTyV9exUAL/rxXi3DcLg2Ts+ymUAY5y4NvMg=
github.com/btcsuite/btcutil v1.0.2 h1:9iZ1Terx9fMIOtq1VrwdqfsATL9MC2l8ZrUY6YZ2uts=
github.com/btcsuite/btcutil v1.0.2/go.mod h1:j9HUFwoQRsZL3V4n+qG+CUnEGHOarIxfC3Le2Yhbcts=
github.com/btcsuite/go-socks v0.0.0-20170105172521-4720035b7bfd/go.mod h1:HHNXQzUsZCxOoE+CPiyCTO6x34Zs86zZUiwtpXoGdtg=
github.com/btcsuite/goleveldb v0.0.0-20160330041536-7834afc9e8cd/go.mod h1:F+uVaaLLH7j4eDXPRvw78tMflu7Ie2bzYOH4Y8rRKBY=
github.com/btcsuite/snappy-go v0.0.0-20151229074030-0bdef8d06723/go.mod h1:8woku9dyThutzjeg+3xrA5iCpBRH8XEEg3lh6TiUghc=
github.com/btcsuite/websocket v0.0.0-20150119174127-31079b680792/go.mod h1:ghJtEyQwv5/p4Mg4C0fgbePVuGr935/5ddU9Z3TmDRY=
github.com/btcsuite/winsvc v1.0.0/go.mod h1:jsenWakMcC0zFBFurPLEAyrnc/teJEM1O46fmI40EZs=
github.com/buger/jsonparser v1.2.0 h1:4EFcvK1kD4jyj6YqNK6skK6w+y7FHHBR+XBCtxwu/6g=
github.com/buger/jsonparser v1.2.0/go.mod h1:6RYKKt7H4d4+iWqouImQ9R2FZql3VbhNgx27UK13J/0=
github.com/bytedance/gopkg v0.1.4 h1:oZnQwnX82KAIWb7033bEwtxvTqXcYMxDBaQxo5JJHWM=
github.com/bytedance/gopkg v0.1.4/go.mod h1:v1zWfPm21Fb+OsyXN2VAHdL6TBb2L88anLQgdyje6R4=
github.com/bytedance/sonic v1.15.1 h1:nJD5PmM0vY7J8CT6MxoqbVAAMhkSmV2HgRAUrrpLoOw=
github.com/bytedance/sonic v1.15.1/go.mod h1:mT2NbXunuaEbnZ+mRIX/vYqKISmgEuHFDI4UzmKx2SA=
github.com/bytedance/sonic/loader v0.5.1 h1:Ygpfa9zwRCCKSlrp5bBP/b/Xzc3VxsAW+5NIYXrOOpI=
github.com/bytedance/sonic/loader v0.5.1/go.mod h1:AR4NYCk5DdzZizZ5djGqQ92eEhCCcdf5x77udYiSJRo=
github.com/clipperhouse/uax29/v2 v2.7.0 h1:+gs4oBZ2gPfVrKPthwbMzWZDaAFPGYK72F0NJv2v7Vk=
github.com/clipperhouse/uax29/v2 v2.7.0/go.mod h1:EFJ2TJMRUaplDxHKj1qAEhCtQPW2tJSwu5BF98AuoVM=
github.com/cloudwego/base64x v0.1.7 h1:NppS+Fgzg5ovhn4NkUXaDT3x9jldgH5ToMCqzBSi2zI=
github.com/cloudwego/base64x v0.1.7/go.mod h1:Cu1PV9zfrSf7ET2tIbWbbEy7jO7HHJ13q4X2SQ8aWYg=
github.com/consensys/gnark-crypto v0.20.1 h1:PXDUBvk8AzhvWowHLWBEAfUQcV1/aZgWIqD6eMpXmDg=
github.com/consensys/gnark-crypto v0.20.1/go.mod h1:RBWrSgy+IDbGR69RRV313th3M/aZU1ubk2om+qHuTSc=
github.com/cpuguy83/go-md2man/v2 v2.0.6/go.mod h1:oOW0eioCTA6cOiMLiUPZOpcVxMig6NIQQ7OS05n1F4g=
github.com/davecgh/go-spew v0.0.0-20171005155431-ecdeabc65495/go.mod h1:J7Y8YcW2NihsgmVo/mv3lAwl/skON4iLHjSsI+c5H38=
github.com/davecgh/go-spew v1.1.0/go.mod h1:J7Y8YcW2NihsgmVo/mv3lAwl/skON4iLHjSsI+c5H38=
github.com/davecgh/go-spew v1.1.1/go.mod h1:J7Y8YcW2NihsgmVo/mv3lAwl/skON4iLHjSsI+c5H38=
github.com/davecgh/go-spew v1.1.2-0.20180830191138-d8f796af33cc h1:U9qPSI2PIWSS1VwoXQT9A3Wy9MM3WgvqSxFWenqJduM=
github.com/davecgh/go-spew v1.1.2-0.20180830191138-d8f796af33cc/go.mod h1:J7Y8YcW2NihsgmVo/mv3lAwl/skON4iLHjSsI+c5H38=
github.com/decred/dcrd/crypto/blake256 v1.1.0 h1:zPMNGQCm0g4QTY27fOCorQW7EryeQ/U0x++OzVrdms8=
github.com/decred/dcrd/crypto/blake256 v1.1.0/go.mod h1:2OfgNZ5wDpcsFmHmCK5gZTPcCXqlm2ArzUIkw9czNJo=
github.com/decred/dcrd/dcrec/secp256k1/v4 v4.4.1 h1:5RVFMOWjMyRy8cARdy79nAmgYw3hK/4HUq48LQ6Wwqo=
github.com/decred/dcrd/dcrec/secp256k1/v4 v4.4.1/go.mod h1:ZXNYxsqcloTdSy/rNShjYzMhyjf0LaoftYK0p+A3h40=
github.com/esiqveland/notify v0.13.3 h1:QCMw6o1n+6rl+oLUfg8P1IIDSFsDEb2WlXvVvIJbI/o=
github.com/esiqveland/notify v0.13.3/go.mod h1:hesw/IRYTO0x99u1JPweAl4+5mwXJibQVUcP0Iu5ORE=
github.com/ethereum/go-ethereum v1.17.3 h1:Ev/sQHH+UdKZHWjuVzhu2pxhi/sXaPZl23Q+Q5LDd4Q=
github.com/ethereum/go-ethereum v1.17.3/go.mod h1:f2EhRwqewIZkGoQekywI2Y2RZAMTSavLNkD9qItFy1A=
github.com/felixge/fgprof v0.9.3 h1:VvyZxILNuCiUCSXtPtYmmtGvb65nqXh2QFWc0Wpf2/g=
github.com/felixge/fgprof v0.9.3/go.mod h1:RdbpDgzqYVh/T9fPELJyV7EYJuHB55UTEULNun8eiPw=
github.com/fredbi/uri v1.1.1 h1:xZHJC08GZNIUhbP5ImTHnt5Ya0T8FI2VAwI/37kh2Ko=
github.com/fredbi/uri v1.1.1/go.mod h1:4+DZQ5zBjEwQCDmXW5JdIjz0PUA+yJbvtBv+u+adr5o=
github.com/fsnotify/fsnotify v1.4.7/go.mod h1:jwhsz4b93w/PPRr/qN1Yymfu8t87LnFCMoQvtojpjFo=
github.com/fsnotify/fsnotify v1.10.1 h1:b0/UzAf9yR5rhf3RPm9gf3ehBPpf0oZKIjtpKrx59Ho=
github.com/fsnotify/fsnotify v1.10.1/go.mod h1:TLheqan6HD6GBK6PrDWyDPBaEV8LspOxvPSjC+bVfgo=
github.com/fxamacker/cbor/v2 v2.9.2 h1:X4Ksno9+x3cz0TZv69ec1hxP/+tymuR8PXQJyDwfh78=
github.com/fxamacker/cbor/v2 v2.9.2/go.mod h1:vM4b+DJCtHn+zz7h3FFp/hDAI9WNWCsZj23V5ytsSxQ=
github.com/fyne-io/gl-js v0.2.0 h1:+EXMLVEa18EfkXBVKhifYB6OGs3HwKO3lUElA0LlAjs=
github.com/fyne-io/gl-js v0.2.0/go.mod h1:ZcepK8vmOYLu96JoxbCKJy2ybr+g1pTnaBDdl7c3ajI=
github.com/fyne-io/glfw-js v0.3.0 h1:d8k2+Y7l+zy2pc7wlGRyPfTgZoqDf3AI4G+2zOWhWUk=
github.com/fyne-io/glfw-js v0.3.0/go.mod h1:Ri6te7rdZtBgBpxLW19uBpp3Dl6K9K/bRaYdJ22G8Jk=
github.com/fyne-io/image v0.1.1 h1:WH0z4H7qfvNUw5l4p3bC1q70sa5+YWVt6HCj7y4VNyA=
github.com/fyne-io/image v0.1.1/go.mod h1:xrfYBh6yspc+KjkgdZU/ifUC9sPA5Iv7WYUBzQKK7JM=
github.com/fyne-io/oksvg v0.2.0 h1:mxcGU2dx6nwjJsSA9PCYZDuoAcsZ/OuJlvg/Q9Njfo8=
github.com/fyne-io/oksvg v0.2.0/go.mod h1:dJ9oEkPiWhnTFNCmRgEze+YNprJF7YRbpjgpWS4kzoI=
github.com/gabriel-vasile/mimetype v1.4.13 h1:46nXokslUBsAJE/wMsp5gtO500a4F3Nkz9Ufpk2AcUM=
github.com/gabriel-vasile/mimetype v1.4.13/go.mod h1:d+9Oxyo1wTzWdyVUPMmXFvp4F9tea18J8ufA774AB3s=
github.com/gen2brain/beeep v0.11.2 h1:+KfiKQBbQCuhfJFPANZuJ+oxsSKAYNe88hIpJuyKWDA=
github.com/gen2brain/beeep v0.11.2/go.mod h1:jQVvuwnLuwOcdctHn/uyh8horSBNJ8uGb9Cn2W4tvoc=
github.com/gin-contrib/gzip v0.0.6 h1:NjcunTcGAj5CO1gn4N8jHOSIeRFHIbn51z6K+xaN4d4=
github.com/gin-contrib/gzip v0.0.6/go.mod h1:QOJlmV2xmayAjkNS2Y8NQsMneuRShOU/kjovCXNuzzk=
github.com/gin-contrib/sse v1.1.1 h1:uGYpNwTacv5R68bSGMapo62iLTRa9l5zxGCps4hK6ko=
github.com/gin-contrib/sse v1.1.1/go.mod h1:QXzuVkA0YO7o/gun03UI1Q+FTI8ZV/n5t03kIQAI89s=
github.com/gin-gonic/gin v1.12.0 h1:b3YAbrZtnf8N//yjKeU2+MQsh2mY5htkZidOM7O0wG8=
github.com/gin-gonic/gin v1.12.0/go.mod h1:VxccKfsSllpKshkBWgVgRniFFAzFb9csfngsqANjnLc=
github.com/go-gl/gl v0.0.0-20260331235117-4566fea9a276 h1:IO5P06Pcj9K04d+l4nrf3c2U56+dAotIFG6u4P1wAHI=
github.com/go-gl/gl v0.0.0-20260331235117-4566fea9a276/go.mod h1:9YTyiznxEY1fVinfM7RvRcjRHbw2xLBJ3AAGIT0I4Nw=
github.com/go-gl/glfw/v3.3/glfw v0.0.0-20260406072232-3ac4aa2bb164 h1:ddtotcEXIT7dFhSeXIWjK8YMFYl5bB2NdYQwgv6Uqjk=
github.com/go-gl/glfw/v3.3/glfw v0.0.0-20260406072232-3ac4aa2bb164/go.mod h1:SyRD8YfuKk+ZXlDqYiqe1qMSqjNgtHzBTG810KUagMc=
github.com/go-ole/go-ole v1.3.0 h1:Dt6ye7+vXGIKZ7Xtk4s6/xVdGDQynvom7xCFEdWr6uE=
github.com/go-ole/go-ole v1.3.0/go.mod h1:5LS6F96DhAwUc7C+1HLexzMXY1xGRSryjyPPKW6zv78=
github.com/go-openapi/jsonpointer v0.23.1 h1:1HBACs7XIwR2RcmItfdSFlALhGbe6S92p0ry4d1GWg4=
github.com/go-openapi/jsonpointer v0.23.1/go.mod h1:iWRmZTrGn7XwYhtPt/fvdSFj1OfNBngqRT2UG3BxSqY=
github.com/go-openapi/jsonreference v0.21.5 h1:6uCGVXU/aNF13AQNggxfysJ+5ZcU4nEAe+pJyVWRdiE=
github.com/go-openapi/jsonreference v0.21.5/go.mod h1:u25Bw85sX4E2jzFodh1FOKMTZLcfifd1Q+iKKOUxExw=
github.com/go-openapi/spec v0.22.4 h1:4pxGjipMKu0FzFiu/DPwN3CTBRlVM2yLf/YTWorYfDQ=
github.com/go-openapi/spec v0.22.4/go.mod h1:WQ6Ai0VPWMZgMT4XySjlRIE6GP1bGQOtEThn3gcWLtQ=
github.com/go-openapi/swag v0.19.15 h1:D2NRCBzS9/pEY3gP9Nl8aDqGUcPFrwG2p+CNFrLyrCM=
github.com/go-openapi/swag/conv v0.26.0 h1:5yGGsPYI1ZCva93U0AoKi/iZrNhaJEjr324YVsiD89I=
github.com/go-openapi/swag/conv v0.26.0/go.mod h1:tpAmIL7X58VPnHHiSO4uE3jBeRamGsFsfdDeDtb5ECE=
github.com/go-openapi/swag/jsonname v0.26.0 h1:gV1NFX9M8avo0YSpmWogqfQISigCmpaiNci8cGECU5w=
github.com/go-openapi/swag/jsonname v0.26.0/go.mod h1:urBBR8bZNoDYGr653ynhIx+gTeIz0ARZxHkAPktJK2M=
github.com/go-openapi/swag/jsonutils v0.26.0 h1:FawFML2iAXsPqmERscuMPIHmFsoP1tOqWkxBaKNMsnA=
github.com/go-openapi/swag/jsonutils v0.26.0/go.mod h1:2VmA0CJlyFqgawOaPI9psnjFDqzyivIqLYN34t9p91E=
github.com/go-openapi/swag/jsonutils/fixtures_test v0.26.0 h1:apqeINu/ICHouqiRZbyFvuDge5jCmmLTqGQ9V95EaOM=
github.com/go-openapi/swag/jsonutils/fixtures_test v0.26.0/go.mod h1:AyM6QT8uz5IdKxk5akv0y6u4QvcL9GWERt0Jx/F/R8Y=
github.com/go-openapi/swag/loading v0.26.0 h1:Apg6zaKhCJurpJer0DCxq99qwmhFddBhaMX7kilDcko=
github.com/go-openapi/swag/loading v0.26.0/go.mod h1:dBxQ/6V2uBaAQdevN18VELE6xSpJWZxLX4txe12JwDg=
github.com/go-openapi/swag/stringutils v0.26.0 h1:qZQngLxs5s7SLijc3N2ZO+fUq2o8LjuWAASSrJuh+xg=
github.com/go-openapi/swag/stringutils v0.26.0/go.mod h1:sWn5uY+QIIspwPhvgnqJsH8xqFT2ZbYcvbcFanRyhFE=
github.com/go-openapi/swag/typeutils v0.26.0 h1:2kdEwdiNWy+JJdOvu5MA2IIg2SylWAFuuyQIKYybfq4=
github.com/go-openapi/swag/typeutils v0.26.0/go.mod h1:oovDuIUvTrEHVMqWilQzKzV4YlSKgyZmFh7AlfABNVE=
github.com/go-openapi/swag/yamlutils v0.26.0 h1:H7O8l/8NJJQ/oiReEN+oMpnGMyt8G0hl460nRZxhLMQ=
github.com/go-openapi/swag/yamlutils v0.26.0/go.mod h1:1evKEGAtP37Pkwcc7EWMF0hedX0/x3Rkvei2wtG/TbU=
github.com/go-openapi/testify/enable/yaml/v2 v2.4.2 h1:5zRca5jw7lzVREKCZVNBpysDNBjj74rBh0N2BGQbSR0=
github.com/go-openapi/testify/enable/yaml/v2 v2.4.2/go.mod h1:XVevPw5hUXuV+5AkI1u1PeAm27EQVrhXTTCPAF85LmE=
github.com/go-openapi/testify/v2 v2.4.2 h1:tiByHpvE9uHrrKjOszax7ZvKB7QOgizBWGBLuq0ePx4=
github.com/go-openapi/testify/v2 v2.4.2/go.mod h1:SgsVHtfooshd0tublTtJ50FPKhujf47YRqauXXOUxfw=
github.com/go-playground/assert/v2 v2.2.0 h1:JvknZsQTYeFEAhQwI4qEt9cyV5ONwRHC+lYKSsYSR8s=
github.com/go-playground/assert/v2 v2.2.0/go.mod h1:VDjEfimB/XKnb+ZQfWdccd7VUvScMdVu0Titje2rxJ4=
github.com/go-playground/locales v0.14.1 h1:EWaQ/wswjilfKLTECiXz7Rh+3BjFhfDFKv/oXslEjJA=
github.com/go-playground/locales v0.14.1/go.mod h1:hxrqLVvrK65+Rwrd5Fc6F2O76J/NuW9t0sjnWqG1slY=
github.com/go-playground/universal-translator v0.18.1 h1:Bcnm0ZwsGyWbCzImXv+pAJnYK9S473LQFuzCbDbfSFY=
github.com/go-playground/universal-translator v0.18.1/go.mod h1:xekY+UJKNuX9WP91TpwSH2VMlDf28Uj24BCp08ZFTUY=
github.com/go-playground/validator/v10 v10.30.2 h1:JiFIMtSSHb2/XBUbWM4i/MpeQm9ZK2xqPNk8vgvu5JQ=
github.com/go-playground/validator/v10 v10.30.2/go.mod h1:mAf2pIOVXjTEBrwUMGKkCWKKPs9NheYGabeB04txQSc=
github.com/go-telegram/bot v1.21.0 h1:Va/PbGc2vBDdv57GCUEEVV6ROlHWiC6SklJY9Hvhzps=
github.com/go-telegram/bot v1.21.0/go.mod h1:i2TRs7fXWIeaceF3z7KzsMt/he0TwkVC680mvdTFYeM=
github.com/go-text/render v0.2.1 h1:qwHhxqGUjjg4L0XyJWj7M7bpY75NZM+kBpv2Yfw5mcg=
github.com/go-text/render v0.2.1/go.mod h1:HCCAq8MUlm/WRcXshBb4K/n+IkjeXQ1c2Ba+yICSm0A=
github.com/go-text/typesetting v0.3.4 h1:YYurUOtEb9kGSOz4uE3k4OpBGsp1dDL8+fjCeaFamAU=
github.com/go-text/typesetting v0.3.4/go.mod h1:4qZCQphq4KSgGTAeI0uMEkVbROgfah8BuyF5LRYr7XY=
github.com/go-text/typesetting-utils v0.0.0-20260223113751-2d88ac90dae3 h1:drBZzMgdYPbmyXqOto4YhhJGrFIQCX94FpR4MzTCsos=
github.com/go-text/typesetting-utils v0.0.0-20260223113751-2d88ac90dae3/go.mod h1:3/62I4La/HBRX9TcTpBj4eipLiwzf+vhI+7whTc9V7o=
github.com/goccy/go-json v0.10.6 h1:p8HrPJzOakx/mn/bQtjgNjdTcN+/S6FcG2CTtQOrHVU=
github.com/goccy/go-json v0.10.6/go.mod h1:oq7eo15ShAhp70Anwd5lgX2pLfOS3QCiwU/PULtXL6M=
github.com/goccy/go-yaml v1.19.2 h1:PmFC1S6h8ljIz6gMRBopkjP1TVT7xuwrButHID66PoM=
github.com/goccy/go-yaml v1.19.2/go.mod h1:XBurs7gK8ATbW4ZPGKgcbrY1Br56PdM69F7LkFRi1kA=
github.com/godbus/dbus/v5 v5.1.0/go.mod h1:xhWf0FNVPg57R7Z0UbKHbJfkEywrmjJnf7w5xrFpKfA=
github.com/godbus/dbus/v5 v5.2.2 h1:TUR3TgtSVDmjiXOgAAyaZbYmIeP3DPkld3jgKGV8mXQ=
github.com/godbus/dbus/v5 v5.2.2/go.mod h1:3AAv2+hPq5rdnr5txxxRwiGjPXamgoIHgz9FPBfOp3c=
github.com/golang/protobuf v1.2.0/go.mod h1:6lQm79b+lXiMfvg/cZm0SGofjICqVBUtrP5yJMmIC1U=
github.com/google/go-cmp v0.7.0 h1:wk8382ETsv4JYUZwIsn6YpYiWiBsYLSJiTsyBybVuN8=
github.com/google/go-cmp v0.7.0/go.mod h1:pXiqmnSA92OHEEa9HXL2W4E7lf9JzCmGVUdgjX3N/iU=
github.com/google/gofuzz v1.0.0/go.mod h1:dBl0BpW6vV/+mYPU4Po3pmUjxk6FQPldtuIdl/M65Eg=
github.com/google/pprof v0.0.0-20230207041349-798e818bf904 h1:4/hN5RUoecvl+RmJRE2YxKWtnnQls6rQjjW5oV7qg2U=
github.com/google/pprof v0.0.0-20230207041349-798e818bf904/go.mod h1:uglQLonpP8qtYCYyzA+8c/9qtqgA3qsXGYqCPKARAFg=
github.com/gorilla/websocket v1.5.3 h1:saDtZ6Pbx/0u+bgYQ3q96pZgCzfhKXGPqt7kZ72aNNg=
github.com/gorilla/websocket v1.5.3/go.mod h1:YR8l580nyteQvAITg2hZ9XVh4b55+EU/adAjf1fMHhE=
github.com/hack-pad/go-indexeddb v0.3.2 h1:DTqeJJYc1usa45Q5r52t01KhvlSN02+Oq+tQbSBI91A=
github.com/hack-pad/go-indexeddb v0.3.2/go.mod h1:QvfTevpDVlkfomY498LhstjwbPW6QC4VC/lxYb0Kom0=
github.com/hack-pad/safejs v0.1.1 h1:d5qPO0iQ7h2oVtpzGnLExE+Wn9AtytxIfltcS2b9KD8=
github.com/hack-pad/safejs v0.1.1/go.mod h1:HdS+bKF1NrE72VoXZeWzxFOVQVUSqZJAG0xNCnb+Tio=
github.com/holiman/uint256 v1.3.2 h1:a9EgMPSC1AAaj1SZL5zIQD3WbwTuHrMGOerLjGmM/TA=
github.com/holiman/uint256 v1.3.2/go.mod h1:EOMSn4q6Nyt9P6efbI3bueV4e1b3dGlUCXeiRV4ng7E=
github.com/hpcloud/tail v1.0.0/go.mod h1:ab1qPbhIpdTxEkNHXyeSf5vhxWSCs/tWer42PpOxQnU=
github.com/inconshreveable/mousetrap v1.1.0 h1:wN+x4NVGpMsO7ErUn/mUI3vEoE6Jt13X2s0bqwp9tc8=
github.com/inconshreveable/mousetrap v1.1.0/go.mod h1:vpF70FUmC8bwa3OWnCshd2FqLfsEA9PFc4w1p2J65bw=
github.com/jackmordaunt/icns/v3 v3.0.1 h1:xxot6aNuGrU+lNgxz5I5H0qSeCjNKp8uTXB1j8D4S3o=
github.com/jackmordaunt/icns/v3 v3.0.1/go.mod h1:5sHL59nqTd2ynTnowxB/MDQFhKNqkK8X687uKNygaSQ=
github.com/jeandeaual/go-locale v0.0.0-20250612000132-0ef82f21eade h1:FmusiCI1wHw+XQbvL9M+1r/C3SPqKrmBaIOYwVfQoDE=
github.com/jeandeaual/go-locale v0.0.0-20250612000132-0ef82f21eade/go.mod h1:ZDXo8KHryOWSIqnsb/CiDq7hQUYryCgdVnxbj8tDG7o=
github.com/jessevdk/go-flags v0.0.0-20141203071132-1679536dcc89/go.mod h1:4FA24M0QyGHXBuZZK/XkWh8h0e1EYbRYJSGM75WSRxI=
github.com/jinzhu/copier v0.4.0 h1:w3ciUoD19shMCRargcpm0cm91ytaBhDvuRpz1ODO/U8=
github.com/jinzhu/copier v0.4.0/go.mod h1:DfbEm0FYsaqBcKcFuvmOZb218JkPGtvSHsKg8S8hyyg=
github.com/jmespath/go-jmespath v0.4.0 h1:BEgLn5cpjn8UN1mAw4NjwDrS35OdebyEtFe+9YPoQUg=
github.com/jmespath/go-jmespath v0.4.0/go.mod h1:T8mJZnbsbmF+m6zOOFylbeCJqk5+pHWvzYPziyZiYoo=
github.com/jmespath/go-jmespath/internal/testify v1.5.1 h1:shLQSRRSCCPj3f2gpwzGwWFoC7ycTf1rcQZHOlsJ6N8=
github.com/jmespath/go-jmespath/internal/testify v1.5.1/go.mod h1:L3OGu8Wl2/fWfCI6z80xFu9LTZmf1ZRjMHUOPmWr69U=
github.com/jrick/logrotate v1.0.0/go.mod h1:LNinyqDIJnpAur+b8yyulnQw/wDuN1+BYKlTRt3OuAQ=
github.com/json-iterator/go v1.1.12 h1:PV8peI4a0ysnczrg+LtxykD8LfKY9ML6u2jnxaEnrnM=
github.com/json-iterator/go v1.1.12/go.mod h1:e30LSqwooZae/UwlEbR2852Gd8hjQvJoHmT4TnhNGBo=
github.com/jsummers/gobmp v0.0.0-20230614200233-a9de23ed2e25 h1:YLvr1eE6cdCqjOe972w/cYF+FjW34v27+9Vo5106B4M=
github.com/jsummers/gobmp v0.0.0-20230614200233-a9de23ed2e25/go.mod h1:kLgvv7o6UM+0QSf0QjAse3wReFDsb9qbZJdfexWlrQw=
github.com/kelseyhightower/envconfig v1.4.0 h1:Im6hONhd3pLkfDFsbRgu68RDNkGF1r3dvMUtDTo2cv8=
github.com/kelseyhightower/envconfig v1.4.0/go.mod h1:cccZRl6mQpaq41TPp5QxidR+Sa3axMbJDNb//FQX6Gg=
github.com/kkdai/bstream v0.0.0-20161212061736-f391b8402d23/go.mod h1:J+Gs4SYgM6CZQHDETBtE9HaSEkGmuNXF86RwHhHUvq4=
github.com/klauspost/cpuid/v2 v2.3.0 h1:S4CRMLnYUhGeDFDqkGriYKdfoFlDnMtqTiI/sFzhA9Y=
github.com/klauspost/cpuid/v2 v2.3.0/go.mod h1:hqwkgyIinND0mEev00jJYCxPNVRVXFQeu1XKlok6oO0=
github.com/kr/pretty v0.3.1 h1:flRD4NNwYAUpkphVc1HcthR4KEIFJ65n8Mw5qdRn3LE=
github.com/kr/pretty v0.3.1/go.mod h1:hoEshYVHaxMs3cyo3Yncou5ZscifuDolrwPKZanG3xk=
github.com/kr/text v0.2.0 h1:5Nx0Ya0ZqY2ygV366QzturHI13Jq95ApcVaJBhpS+AY=
github.com/kr/text v0.2.0/go.mod h1:eLer722TekiGuMkidMxC/pM04lWEeraHUUmBw8l2grE=
github.com/leanovate/gopter v0.2.11 h1:vRjThO1EKPb/1NsDXuDrzldR28RLkBflWYcU9CvzWu4=
github.com/leanovate/gopter v0.2.11/go.mod h1:aK3tzZP/C+p1m3SPRE4SYZFGP7jjkuSI4f7Xvpt0S9c=
github.com/leodido/go-urn v1.4.0 h1:WT9HwE9SGECu3lg4d/dIA+jxlljEa1/ffXKmRjqdmIQ=
github.com/leodido/go-urn v1.4.0/go.mod h1:bvxc+MVxLKB4z00jd1z+Dvzr47oO32F/QSNjSBOlFxI=
github.com/mattn/go-isatty v0.0.22 h1:j8l17JJ9i6VGPUFUYoTUKPSgKe/83EYU2zBC7YNKMw4=
github.com/mattn/go-isatty v0.0.22/go.mod h1:ZXfXG4SQHsB/w3ZeOYbR0PrPwLy+n6xiMrJlRFqopa4=
github.com/mattn/go-runewidth v0.0.23 h1:7ykA0T0jkPpzSvMS5i9uoNn2Xy3R383f9HDx3RybWcw=
github.com/mattn/go-runewidth v0.0.23/go.mod h1:XBkDxAl56ILZc9knddidhrOlY5R/pDhgLpndooCuJAs=
github.com/minio/sha256-simd v1.0.1 h1:6kaan5IFmwTNynnKKpDHe6FWHohJOHhCPchzK49dzMM=
github.com/minio/sha256-simd v1.0.1/go.mod h1:Pz6AKMiUdngCLpeTL/RJY1M9rUuPMYujV5xJjtbRSN8=
github.com/modern-go/concurrent v0.0.0-20180228061459-e0a39a4cb421/go.mod h1:6dJC0mAP4ikYIbvyc7fijjWJddQyLn8Ig3JB5CqoB9Q=
github.com/modern-go/concurrent v0.0.0-20180306012644-bacd9c7ef1dd h1:TRLaZ9cD/w8PVh93nsPXa1VrQ6jlwL5oN8l14QlcNfg=
github.com/modern-go/concurrent v0.0.0-20180306012644-bacd9c7ef1dd/go.mod h1:6dJC0mAP4ikYIbvyc7fijjWJddQyLn8Ig3JB5CqoB9Q=
github.com/modern-go/reflect2 v1.0.2 h1:xBagoLtFs94CBntxluKeaWgTMpvLxC4ur3nMaC9Gz0M=
github.com/modern-go/reflect2 v1.0.2/go.mod h1:yWuevngMOJpCy52FWWMvUC8ws7m/LJsjYzDa0/r8luk=
github.com/nfnt/resize v0.0.0-20180221191011-83c6a9932646 h1:zYyBkD/k9seD2A7fsi6Oo2LfFZAehjjQMERAvZLEDnQ=
github.com/nfnt/resize v0.0.0-20180221191011-83c6a9932646/go.mod h1:jpp1/29i3P1S/RLdc7JQKbRpFeM1dOBd8T9ki5s+AY8=
github.com/nicksnyder/go-i18n/v2 v2.6.1 h1:JDEJraFsQE17Dut9HFDHzCoAWGEQJom5s0TRd17NIEQ=
github.com/nicksnyder/go-i18n/v2 v2.6.1/go.mod h1:Vee0/9RD3Quc/NmwEjzzD7VTZ+Ir7QbXocrkhOzmUKA=
github.com/nsf/jsondiff v0.0.0-20210926074059-1e845ec5d249 h1:NHrXEjTNQY7P0Zfx1aMrNhpgxHmow66XQtm0aQLY0AE=
github.com/nsf/jsondiff v0.0.0-20210926074059-1e845ec5d249/go.mod h1:mpRZBD8SJ55OIICQ3iWH0Yz3cjzA61JdqMLoWXeB2+8=
github.com/onsi/ginkgo v1.6.0/go.mod h1:lLunBs/Ym6LB5Z9jYTR76FiuTmxDTDusOGeTQH+WWjE=
github.com/onsi/ginkgo v1.7.0/go.mod h1:lLunBs/Ym6LB5Z9jYTR76FiuTmxDTDusOGeTQH+WWjE=
github.com/onsi/gomega v1.4.3/go.mod h1:ex+gbHU/CVuBBDIJjb2X0qEXbFg53c61hWP/1CpauHY=
github.com/pelletier/go-toml/v2 v2.3.1 h1:MYEvvGnQjeNkRF1qUuGolNtNExTDwct51yp7olPtrEc=
github.com/pelletier/go-toml/v2 v2.3.1/go.mod h1:2gIqNv+qfxSVS7cM2xJQKtLSTLUE9V8t9Stt+h56mCY=
github.com/pkg/profile v1.7.0 h1:hnbDkaNWPCLMO9wGLdBFTIZvzDrDfBM2072E1S9gJkA=
github.com/pkg/profile v1.7.0/go.mod h1:8Uer0jas47ZQMJ7VD+OHknK4YDY07LPUC6dEvqDjvNo=
github.com/pmezard/go-difflib v1.0.0/go.mod h1:iKH77koFhYxTK1pcRnkKkqfTogsbg7gZNVY4sRDYZ/4=
github.com/pmezard/go-difflib v1.0.1-0.20181226105442-5d4384ee4fb2 h1:Jamvg5psRIccs7FGNTlIRMkT8wgtp5eCXdBlqhYGL6U=
github.com/pmezard/go-difflib v1.0.1-0.20181226105442-5d4384ee4fb2/go.mod h1:iKH77koFhYxTK1pcRnkKkqfTogsbg7gZNVY4sRDYZ/4=
github.com/prashantv/gostub v1.1.0 h1:BTyx3RfQjRHnUWaGF9oQos79AlQ5k8WNktv7VGvVH4g=
github.com/prashantv/gostub v1.1.0/go.mod h1:A5zLQHz7ieHGG7is6LLXLz7I8+3LZzsrV0P1IAHhP5U=
github.com/quic-go/qpack v0.6.0 h1:g7W+BMYynC1LbYLSqRt8PBg5Tgwxn214ZZR34VIOjz8=
github.com/quic-go/qpack v0.6.0/go.mod h1:lUpLKChi8njB4ty2bFLX2x4gzDqXwUpaO1DP9qMDZII=
github.com/quic-go/quic-go v0.59.1 h1:0Gmua0HW1Tv7ANR7hUYwRyD0MG5OJfgvYSZasGZzBic=
github.com/quic-go/quic-go v0.59.1/go.mod h1:upnsH4Ju1YkqpLXC305eW3yDZ4NfnNbmQRCMWS58IKU=
github.com/rogpeppe/go-internal v1.14.1 h1:UQB4HGPB6osV0SQTLymcB4TgvyWu6ZyliaW0tI/otEQ=
github.com/rogpeppe/go-internal v1.14.1/go.mod h1:MaRKkUm5W0goXpeCfT7UZI6fk/L7L7so1lCWt35ZSgc=
github.com/russross/blackfriday/v2 v2.1.0/go.mod h1:+Rmxgy9KzJVeS9/2gXHxylqXiyQDYRxCVz55jmeOWTM=
github.com/rymdport/portal v0.4.2 h1:7jKRSemwlTyVHHrTGgQg7gmNPJs88xkbKcIL3NlcmSU=
github.com/rymdport/portal v0.4.2/go.mod h1:kFF4jslnJ8pD5uCi17brj/ODlfIidOxlgUDTO5ncnC4=
github.com/sergeymakinen/go-bmp v1.0.0 h1:SdGTzp9WvCV0A1V0mBeaS7kQAwNLdVJbmHlqNWq0R+M=
github.com/sergeymakinen/go-bmp v1.0.0/go.mod h1:/mxlAQZRLxSvJFNIEGGLBE/m40f3ZnUifpgVDlcUIEY=
github.com/sergeymakinen/go-ico v1.0.0 h1:uL3khgvKkY6WfAetA+RqsguClBuu7HpvBB/nq/Jvr80=
github.com/sergeymakinen/go-ico v1.0.0/go.mod h1:wQ47mTczswBO5F0NoDt7O0IXgnV4Xy3ojrroMQzyhUk=
github.com/spf13/cobra v1.10.2 h1:DMTTonx5m65Ic0GOoRY2c16WCbHxOOw6xxezuLaBpcU=
github.com/spf13/cobra v1.10.2/go.mod h1:7C1pvHqHw5A4vrJfjNwvOdzYu0Gml16OCs2GRiTUUS4=
github.com/spf13/pflag v1.0.9/go.mod h1:McXfInJRrz4CZXVZOBLb0bTZqETkiAhM9Iw0y3An2Bg=
github.com/spf13/pflag v1.0.10 h1:4EBh2KAYBwaONj6b2Ye1GiHfwjqyROoF4RwYO+vPwFk=
github.com/spf13/pflag v1.0.10/go.mod h1:McXfInJRrz4CZXVZOBLb0bTZqETkiAhM9Iw0y3An2Bg=
github.com/srwiley/oksvg v0.0.0-20221011165216-be6e8873101c h1:km8GpoQut05eY3GiYWEedbTT0qnSxrCjsVbb7yKY1KE=
github.com/srwiley/oksvg v0.0.0-20221011165216-be6e8873101c/go.mod h1:cNQ3dwVJtS5Hmnjxy6AgTPd0Inb3pW05ftPSX7NZO7Q=
github.com/srwiley/rasterx v0.0.0-20220730225603-2ab79fcdd4ef h1:Ch6Q+AZUxDBCVqdkI8FSpFyZDtCVBc2VmejdNrm5rRQ=
github.com/srwiley/rasterx v0.0.0-20220730225603-2ab79fcdd4ef/go.mod h1:nXTWP6+gD5+LUJ8krVhhoeHjvHTutPxMYl5SvkcnJNE=
github.com/stretchr/objx v0.1.0/go.mod h1:HFkY916IF+rwdDfMAkV7OtwuqBVzrE8GR6GFx+wExME=
github.com/stretchr/objx v0.4.0/go.mod h1:YvHI0jy2hoMjB+UWwv71VJQ9isScKT/TqJzVSSt89Yw=
github.com/stretchr/objx v0.5.0/go.mod h1:Yh+to48EsGEfYuaHDzXPcE3xhTkx73EhmCGUpEOglKo=
github.com/stretchr/objx v0.5.2/go.mod h1:FRsXN1f5AsAjCGJKqEizvkpNtU+EGNCLh3NxZ/8L+MA=
github.com/stretchr/testify v1.3.0/go.mod h1:M5WIy9Dh21IEIfnGCwXGc5bZfKNJtfHm1UVUgZn+9EI=
github.com/stretchr/testify v1.7.1/go.mod h1:6Fq8oRcR53rry900zMqJjRRixrwX3KX962/h/Wwjteg=
github.com/stretchr/testify v1.8.0/go.mod h1:yNjHg4UonilssWZ8iaSj1OCr/vHnekPRkoO+kdMU+MU=
github.com/stretchr/testify v1.8.4/go.mod h1:sz/lmYIOXD/1dqDmKjjqLyZ2RngseejIcXlSw2iwfAo=
github.com/stretchr/testify v1.10.0/go.mod h1:r2ic/lqez/lEtzL7wO/rwa5dbSLXVDPFyf8C91i36aY=
github.com/stretchr/testify v1.11.1 h1:7s2iGBzp5EwR7/aIZr8ao5+dra3wiQyKjjFuvgVKu7U=
github.com/stretchr/testify v1.11.1/go.mod h1:wZwfW3scLgRK+23gO65QZefKpKQRnfz6sD981Nm4B6U=
github.com/swaggo/files v1.0.1 h1:J1bVJ4XHZNq0I46UU90611i9/YzdrF7x92oX1ig5IdE=
github.com/swaggo/files v1.0.1/go.mod h1:0qXmMNH6sXNf+73t65aKeB+ApmgxdnkQzVTAj2uaMUg=
github.com/swaggo/gin-swagger v1.6.1 h1:Ri06G4gc9N4t4k8hekMigJ9zKTFSlqj/9paAQCQs7cY=
github.com/swaggo/gin-swagger v1.6.1/go.mod h1:LQ+hJStHakCWRiK/YNYtJOu4mR2FP+pxLnILT/qNiTw=
github.com/swaggo/swag v1.16.6 h1:qBNcx53ZaX+M5dxVyTrgQ0PJ/ACK+NzhwcbieTt+9yI=
github.com/swaggo/swag v1.16.6/go.mod h1:ngP2etMK5a0P3QBizic5MEwpRmluJZPHjXcMoj4Xesg=
github.com/tadvi/systray v0.0.0-20190226123456-11a2b8fa57af h1:6yITBqGTE2lEeTPG04SN9W+iWHCRyHqlVYILiSXziwk=
github.com/tadvi/systray v0.0.0-20190226123456-11a2b8fa57af/go.mod h1:4F09kP5F+am0jAwlQLddpoMDM+iewkxxt6nxUQ5nq5o=
github.com/tj/assert v0.0.3 h1:Df/BlaZ20mq6kuai7f5z2TvPFiwC3xaWJSDQNiIS3Rk=
github.com/tj/assert v0.0.3/go.mod h1:Ne6X72Q+TB1AteidzQncjw9PabbMp4PBMZ1k+vd1Pvk=
github.com/twitchyliquid64/golang-asm v0.15.1 h1:SU5vSMR7hnwNxj24w34ZyCi/FmDZTkS4MhqMhdFk5YI=
github.com/twitchyliquid64/golang-asm v0.15.1/go.mod h1:a1lVb/DtPvCB8fslRZhAngC2+aY1QWCk3Cedj/Gdt08=
github.com/ugorji/go/codec v1.3.1 h1:waO7eEiFDwidsBN6agj1vJQ4AG7lh2yqXyOXqhgQuyY=
github.com/ugorji/go/codec v1.3.1/go.mod h1:pRBVtBSKl77K30Bv8R2P+cLSGaTtex6fsA2Wjqmfxj4=
github.com/utxorpc/go-codegen v0.19.2 h1:IG8OhSc0GILy6emTeUM1/+t/PXbzJTmpJuRAhoWEkbM=
github.com/utxorpc/go-codegen v0.19.2/go.mod h1:QG/UEOXM8HVrm6H7LhuYAeMSA1OFgL2kTjzIeNUWFNg=
github.com/utxorpc/go-sdk v0.0.4 h1:taU2B2FXXuokcXu+Zb33BrvSm13Q+dM3Ij+fJ3mv9mU=
github.com/utxorpc/go-sdk v0.0.4/go.mod h1:zTghoIs70MW8yobU/ZH+ZuNdzc40FsPeqyAXv5D+KoQ=
github.com/x448/float16 v0.8.4 h1:qLwI1I70+NjRFUR3zs1JPUCgaCXSh3SW62uAKT1mSBM=
github.com/x448/float16 v0.8.4/go.mod h1:14CWIYCyZA/cWjXOioeEpHeN/83MdbZDRQHoFcYsOfg=
github.com/yuin/goldmark v1.4.13/go.mod h1:6yULJ656Px+3vBD8DxQVa3kxgyrAnzto9xy5taEt/CY=
github.com/yuin/goldmark v1.8.2 h1:kEGpgqJXdgbkhcOgBxkC0X0PmoPG1ZyoZ117rDVp4zE=
github.com/yuin/goldmark v1.8.2/go.mod h1:ip/1k0VRfGynBgxOz0yCqHrbZXhcjxyuS66Brc7iBKg=
go.mongodb.org/mongo-driver/v2 v2.6.0 h1:b9sJOYrkmt4l8bY43ZenFBcPlhYIjaOfYHLtbB/5qi8=
go.mongodb.org/mongo-driver/v2 v2.6.0/go.mod h1:yOI9kBsufol30iFsl1slpdq1I0eHPzybRWdyYUs8K/0=
go.uber.org/automaxprocs v1.6.0 h1:O3y2/QNTOdbF+e/dpXNNW7Rx2hZ4sTIPyybbxyNqTUs=
go.uber.org/automaxprocs v1.6.0/go.mod h1:ifeIMSnPZuznNm6jmdzmU3/bfk01Fe2fotchwEFJ8r8=
go.uber.org/goleak v1.3.0 h1:2K3zAYmnTNqV73imy9J1T3WC+gmCePx2hEGkimedGto=
go.uber.org/goleak v1.3.0/go.mod h1:CoHD4mav9JJNrW/WLlf7HGZPjdw8EucARQHekz1X6bE=
go.uber.org/mock v0.6.0 h1:hyF9dfmbgIX5EfOdasqLsWD6xqpNZlXblLB/Dbnwv3Y=
go.uber.org/mock v0.6.0/go.mod h1:KiVJ4BqZJaMj4svdfmHM0AUx4NJYO8ZNpPnZn1Z+BBU=
go.yaml.in/yaml/v3 v3.0.4 h1:tfq32ie2Jv2UxXFdLJdh3jXuOzWiL1fo0bu/FbuKpbc=
go.yaml.in/yaml/v3 v3.0.4/go.mod h1:DhzuOOF2ATzADvBadXxruRBLzYTpT36CKvDb3+aBEFg=
golang.org/x/arch v0.27.0 h1:0WNVcR8u9yFz8j5FvdHpgwNp3FS5U4guYdzHwEiGjoU=
golang.org/x/arch v0.27.0/go.mod h1:0X+GdSIP+kL5wPmpK7sdkEVTt2XoYP0cSjQSbZBwOi8=
golang.org/x/crypto v0.0.0-20170930174604-9419663f5a44/go.mod h1:6SG95UA2DQfeDnfUPMdvaQW0Q7yPrPDi9nlGo2tz2b4=
golang.org/x/crypto v0.0.0-20190308221718-c2843e01d9a2/go.mod h1:djNgcEr1/C05ACkg1iLfiJU5Ep61QUkGW8qpdssI0+w=
golang.org/x/crypto v0.0.0-20200115085410-6d4e4cb37c7d/go.mod h1:LzIPMQfyMNhhGPhUkYOs5KpL4U8rLKemX1yGLhDgUto=
golang.org/x/crypto v0.0.0-20210921155107-089bfa567519/go.mod h1:GvvjBRRGRdwPK5ydBHafDWAxML/pGHZbMvKqRZ5+Abc=
golang.org/x/crypto v0.52.0 h1:RMs7fP2rXdep0CftQlK8Uf+kibLm7qkCcradZWYz988=
golang.org/x/crypto v0.52.0/go.mod h1:1QgfPxDqh0T2M/elOJtp9RvuR95kVjir0e6/BvEmGbc=
golang.org/x/image v0.42.0 h1:1gSs6ehNWXLbkHBIPcWztk3D/6aIA/8hauiAYtlodVY=
golang.org/x/image v0.42.0/go.mod h1:rrpelvGFt+kLPAjPM4HeWPgrl0FtafueU//e5N0qk/Q=
golang.org/x/mod v0.6.0-dev.0.20220419223038-86c51ed26bb4/go.mod h1:jJ57K6gSWd91VN4djpZkiMVwK6gcyfeH4XE8wZrZaV4=
golang.org/x/mod v0.36.0 h1:JJjpVx6myfUsUdAzZuOSTTmRE0PfZeNWzzvKrP7amb4=
golang.org/x/mod v0.36.0/go.mod h1:moc6ELqsWcOw5Ef3xVprK5ul/MvtVvkIXLziUOICjUQ=
golang.org/x/net v0.0.0-20180906233101-161cd47e91fd/go.mod h1:mL1N/T3taQHkDXs73rZJwtUhF3w3ftmwwsq0BUmARs4=
golang.org/x/net v0.0.0-20190404232315-eb5bcb51f2a3/go.mod h1:t9HGtf8HONx5eT2rtn7q6eTqICYqUVnKs3thJo3Qplg=
golang.org/x/net v0.0.0-20190620200207-3b0461eec859/go.mod h1:z5CRVTTTmAJ677TzLLGU+0bjPO0LkuOLi4/5GtJWs/s=
golang.org/x/net v0.0.0-20210226172049-e18ecbb05110/go.mod h1:m0MpNAwzfU5UDzcl9v0D8zg8gWTRqZa9RBIspLL5mdg=
golang.org/x/net v0.0.0-20220722155237-a158d28d115b/go.mod h1:XRhObCWvk6IyKnWLug+ECip1KBveYUHfp+8e9klMJ9c=
golang.org/x/net v0.7.0/go.mod h1:2Tu9+aMcznHK/AK1HMvgo6xiTLG5rD5rZLDS+rp2Bjs=
golang.org/x/net v0.55.0 h1:bcvxaJn3e1U6InsFWt1JUq1aSjnRxLzT2rtD2KfkDF8=
golang.org/x/net v0.55.0/go.mod h1:L5U2KuzuOe1lY7Z+aWVIKK6qEeJXnXV9yzGA+WCHJww=
golang.org/x/oauth2 v0.36.0 h1:peZ/1z27fi9hUOFCAZaHyrpWG5lwe0RJEEEeH0ThlIs=
golang.org/x/oauth2 v0.36.0/go.mod h1:YDBUJMTkDnJS+A4BP4eZBjCqtokkg1hODuPjwiGPO7Q=
golang.org/x/sync v0.0.0-20180314180146-1d60e4601c6f/go.mod h1:RxMgew5VJxzue5/jJTE5uejpjVlOe/izrB70Jof72aM=
golang.org/x/sync v0.0.0-20190423024810-112230192c58/go.mod h1:RxMgew5VJxzue5/jJTE5uejpjVlOe/izrB70Jof72aM=
golang.org/x/sync v0.0.0-20220722155255-886fb9371eb4/go.mod h1:RxMgew5VJxzue5/jJTE5uejpjVlOe/izrB70Jof72aM=
golang.org/x/sync v0.21.0 h1:HLII4xRRTtCRkxYp4HNFF0Js/Og6q2i++KXbg0gHCwM=
golang.org/x/sync v0.21.0/go.mod h1:9xrNwdLfx4jkKbNva9FpL6vEN7evnE43NNNJQ2LF3+0=
golang.org/x/sys v0.0.0-20180909124046-d0be0721c37e/go.mod h1:STP8DvDyc/dI5b8T5hshtkjS+E42TnysNCUPdjciGhY=
golang.org/x/sys v0.0.0-20190215142949-d0b11bdaac8a/go.mod h1:STP8DvDyc/dI5b8T5hshtkjS+E42TnysNCUPdjciGhY=
golang.org/x/sys v0.0.0-20190412213103-97732733099d/go.mod h1:h1NjWce9XRLGQEsW7wpKNCjG9DtNlClVuFLEZdDNbEs=
golang.org/x/sys v0.0.0-20201119102817-f84b799fce68/go.mod h1:h1NjWce9XRLGQEsW7wpKNCjG9DtNlClVuFLEZdDNbEs=
golang.org/x/sys v0.0.0-20210615035016-665e8c7367d1/go.mod h1:oPkhp1MJrh7nUepCBck5+mAzfO9JrbApNNgaTdGDITg=
golang.org/x/sys v0.0.0-20220520151302-bc2c85ada10a/go.mod h1:oPkhp1MJrh7nUepCBck5+mAzfO9JrbApNNgaTdGDITg=
golang.org/x/sys v0.0.0-20220722155257-8c9f86f7a55f/go.mod h1:oPkhp1MJrh7nUepCBck5+mAzfO9JrbApNNgaTdGDITg=
golang.org/x/sys v0.1.0/go.mod h1:oPkhp1MJrh7nUepCBck5+mAzfO9JrbApNNgaTdGDITg=
golang.org/x/sys v0.5.0/go.mod h1:oPkhp1MJrh7nUepCBck5+mAzfO9JrbApNNgaTdGDITg=
golang.org/x/sys v0.45.0 h1:dO4czNzziLiiXplLQgBCEpCvXQ3dnkn0SdaZSYdQ+FY=
golang.org/x/sys v0.45.0/go.mod h1:4GL1E5IUh+htKOUEOaiffhrAeqysfVGipDYzABqnCmw=
golang.org/x/term v0.0.0-20201126162022-7de9c90e9dd1/go.mod h1:bj7SfCRtBDWHUb9snDiAeCFNEtKQo2Wmx5Cou7ajbmo=
golang.org/x/term v0.0.0-20210927222741-03fcf44c2211/go.mod h1:jbD1KX2456YbFQfuXm/mYQcufACuNUgVhRMnK/tPxf8=
golang.org/x/term v0.5.0/go.mod h1:jMB1sMXY+tzblOD4FWmEbocvup2/aLOaQEp7JmGp78k=
golang.org/x/text v0.3.0/go.mod h1:NqM8EUOU14njkJ3fqMW+pc6Ldnwhi/IjpwHt7yyuwOQ=
golang.org/x/text v0.3.3/go.mod h1:5Zoc/QRtKVWzQhOtBMvqHzDpF6irO9z98xDceosuGiQ=
golang.org/x/text v0.3.7/go.mod h1:u+2+/6zg+i71rQMx5EYifcz6MCKuco9NR6JIITiCfzQ=
golang.org/x/text v0.7.0/go.mod h1:mrYo+phRRbMaCq/xk9113O4dZlRixOauAjOtrjsXDZ8=
golang.org/x/text v0.38.0 h1:sXmwo9DwP3OK9EZ7PqAdaooSGozfl/3a6/xJcbzPRhE=
golang.org/x/text v0.38.0/go.mod h1:YXZt3QhHUKYT53r2lLKFIVi6Ao1jdzrTR/KQ09qyxF4=
golang.org/x/tools v0.0.0-20180917221912-90fa682c2a6e/go.mod h1:n7NCudcB/nEzxVGmLbDWY5pfWTLqBcC2KZ6jyYvM4mQ=
golang.org/x/tools v0.0.0-20191119224855-298f0cb1881e/go.mod h1:b+2E5dAYhXwXZwtnZ6UAqBI28+e2cm9otk0dWdXHAEo=
golang.org/x/tools v0.1.12/go.mod h1:hNGJHUnrk76NpqgfD5Aqm5Crs+Hm0VOH/i9J2+nxYbc=
golang.org/x/tools v0.45.0 h1:18qN3FAooORvApf5XjCXgsuayZOEtXf6JK18I3+ONa8=
golang.org/x/tools v0.45.0/go.mod h1:LuUGqqaXcXMEFEruIVJVm5mgDD8vww/z/SR1gQ4uE/0=
golang.org/x/xerrors v0.0.0-20190717185122-a985d3407aa7/go.mod h1:I/5z698sn9Ka8TeJc9MKroUUfqBBauWjQqLJ2OPfmY0=
google.golang.org/protobuf v1.36.11 h1:fV6ZwhNocDyBLK0dj+fg8ektcVegBBuEolpbTQyBNVE=
google.golang.org/protobuf v1.36.11/go.mod h1:HTf+CrKn2C3g5S8VImy6tdcUvCska2kB7j23XfzDpco=
gopkg.in/check.v1 v0.0.0-20161208181325-20d25e280405/go.mod h1:Co6ibVJAznAaIkqp8huTwlJQCZ016jof/cbN4VW5Yz0=
gopkg.in/check.v1 v1.0.0-20201130134442-10cb98267c6c h1:Hei/4ADfdWqJk1ZMxUNpqntNwaWcugrBjAiHlqqRiVk=
gopkg.in/check.v1 v1.0.0-20201130134442-10cb98267c6c/go.mod h1:JHkPIbrfpd72SG/EVd6muEfDQjcINNoR0C8j2r3qZ4Q=
gopkg.in/fsnotify.v1 v1.4.7/go.mod h1:Tz8NjZHkW78fSQdbUxIjBTcgA1z1m8ZHf0WmKUhAMys=
gopkg.in/tomb.v1 v1.0.0-20141024135613-dd632973f1e7/go.mod h1:dt/ZhP58zS4L8KSrWDmTeBkI65Dw0HsyUHuEVlX15mw=
gopkg.in/yaml.v2 v2.2.1/go.mod h1:hI93XBmqTisBFMUTm0b8Fm+jr3Dg1NNxqwp+5A1VGuI=
gopkg.in/yaml.v2 v2.2.8/go.mod h1:hI93XBmqTisBFMUTm0b8Fm+jr3Dg1NNxqwp+5A1VGuI=
gopkg.in/yaml.v2 v2.4.0 h1:D8xgwECY7CYvx+Y2n4sBz93Jn9JRvxdiyyo8CTfuKaY=
gopkg.in/yaml.v2 v2.4.0/go.mod h1:RDklbk79AGWmwhnvt/jBztapEOGDOx6ZbXqjP6csGnQ=
gopkg.in/yaml.v3 v3.0.0-20200313102051-9f266ea9e77c/go.mod h1:K4uyk7z7BCEPqu6E+C64Yfv1cQ7kz7rIZviUmN+EgEM=
gopkg.in/yaml.v3 v3.0.1 h1:fxVm/GzAzEWqLHuvctI91KS9hhNmmWOoWu0XTYJS7CA=
gopkg.in/yaml.v3 v3.0.1/go.mod h1:K4uyk7z7BCEPqu6E+C64Yfv1cQ7kz7rIZviUmN+EgEM=
